
Microsoft Visual Studio Solution File, Format Version 12.00
# Visual Studio Version 16
VisualStudioVersion = 16.0.30114.105
MinimumVisualStudioVersion = 10.0.40219.1
Project("{FAE04EC0-301F-11D3-BF4B-00C04F79EFBC}") = "M01Demo-Console", "M01Demo-Console\M01Demo-Console.csproj", "{B2CA4B9F-F3DD-4A9D-94A8-C1CDD2112C6F}"
EndProject
Project("{FAE04EC0-301F-11D3-BF4B-00C04F79EFBC}") = "M02Demo-bool", "M02Demo-bool\M02Demo-bool.csproj", "{7B8ABC06-F055-4A60-A787-48C95C3A7882}"
EndProject
Project("{FAE04EC0-301F-11D3-BF4B-00C04F79EFBC}") = "M01Lab-HelloWorld", "M01HelloWorld\M01Lab-HelloWorld.csproj", "{F5DA56E8-10FC-4006-A24A-3F4EEEC28B5E}"
EndProject
Project("{FAE04EC0-301F-11D3-BF4B-00C04F79EFBC}") = "M02Demo-string", "M02Demo-string\M02Demo-string.csproj", "{B56F1FD6-C000-4FCA-A551-B24CF5BC3548}"
EndProject
Project("{FAE04EC0-301F-11D3-BF4B-00C04F79EFBC}") = "M02Demo-int", "M02Demo-int\M02Demo-int.csproj", "{F8FB9838-0CDA-4B7C-8241-2ACA7CDC0116}"
EndProject
Project("{FAE04EC0-301F-11D3-BF4B-00C04F79EFBC}") = "M02Demo-double", "M02Demo-double\M02Demo-double.csproj", "{6497C76C-69C9-42E8-AFE4-C40FE7BF9159}"
EndProject
Project("{FAE04EC0-301F-11D3-BF4B-00C04F79EFBC}") = "M02Demo-enum", "M02Demo-enum\M02Demo-enum.csproj", "{7934E045-3FEB-4869-9589-0405BAAD3753}"
EndProject
Project("{FAE04EC0-301F-11D3-BF4B-00C04F79EFBC}") = "M02Lab-MiniRechner", "M02Lab-MiniRechner\M02Lab-MiniRechner.csproj", "{0516D56C-5EA1-4EE9-8AEB-64B1EB42BA74}"
EndProject
Project("{FAE04EC0-301F-11D3-BF4B-00C04F79EFBC}") = "M03ArrayNControls", "M03ArrayNControls\M03ArrayNControls.csproj", "{A4333587-C3C5-48F2-B087-0577D6658255}"
EndProject
Project("{FAE04EC0-301F-11D3-BF4B-00C04F79EFBC}") = "M03Lab-Zahlenratespiel", "M03Lab-Zahlenratespiel\M03Lab-Zahlenratespiel.csproj", "{C655E46D-CB56-475D-92FF-A92C62E460A1}"
EndProject
Project("{FAE04EC0-301F-11D3-BF4B-00C04F79EFBC}") = "M04Demo-Methods", "M04Demo-Methods\M04Demo-Methods.csproj", "{9EBDCC84-1A02-4B08-BFBE-51DFA9FA0F1D}"
EndProject
Global
	GlobalSection(SolutionConfigurationPlatforms) = preSolution
		Debug|Any CPU = Debug|Any CPU
		Release|Any CPU = Release|Any CPU
	EndGlobalSection
	GlobalSection(ProjectConfigurationPlatforms) = postSolution
		{B2CA4B9F-F3DD-4A9D-94A8-C1CDD2112C6F}.Debug|Any CPU.ActiveCfg = Debug|Any CPU
		{B2CA4B9F-F3DD-4A9D-94A8-C1CDD2112C6F}.Debug|Any CPU.Build.0 = Debug|Any CPU
		{B2CA4B9F-F3DD-4A9D-94A8-C1CDD2112C6F}.Release|Any CPU.ActiveCfg = Release|Any CPU
		{B2CA4B9F-F3DD-4A9D-94A8-C1CDD2112C6F}.Release|Any CPU.Build.0 = Release|Any CPU
		{7B8ABC06-F055-4A60-A787-48C95C3A7882}.Debug|Any CPU.ActiveCfg = Debug|Any CPU
		{7B8ABC06-F055-4A60-A787-48C95C3A7882}.Debug|Any CPU.Build.0 = Debug|Any CPU
		{7B8ABC06-F055-4A60-A787-48C95C3A7882}.Release|Any CPU.ActiveCfg = Release|Any CPU
		{7B8ABC06-F055-4A60-A787-48C95C3A7882}.Release|Any CPU.Build.0 = Release|Any CPU
		{F5DA56E8-10FC-4006-A24A-3F4EEEC28B5E}.Debug|Any CPU.ActiveCfg = Debug|Any CPU
		{F5DA56E8-10FC-4006-A24A-3F4EEEC28B5E}.Debug|Any CPU.Build.0 = Debug|Any CPU
		{F5DA56E8-10FC-4006-A24A-3F4EEEC28B5E}.Release|Any CPU.ActiveCfg = Release|Any CPU
		{F5DA56E8-10FC-4006-A24A-3F4EEEC28B5E}.Release|Any CPU.Build.0 = Release|Any CPU
		{B56F1FD6-C000-4FCA-A551-B24CF5BC3548}.Debug|Any CPU.ActiveCfg = Debug|Any CPU
		{B56F1FD6-C000-4FCA-A551-B24CF5BC3548}.Debug|Any CPU.Build.0 = Debug|Any CPU
		{B56F1FD6-C000-4FCA-A551-B24CF5BC3548}.Release|Any CPU.ActiveCfg = Release|Any CPU
		{B56F1FD6-C000-4FCA-A551-B24CF5BC3548}.Release|Any CPU.Build.0 = Release|Any CPU
		{F8FB9838-0CDA-4B7C-8241-2ACA7CDC0116}.Debug|Any CPU.ActiveCfg = Debug|Any CPU
		{F8FB9838-0CDA-4B7C-8241-2ACA7CDC0116}.Debug|Any CPU.Build.0 = Debug|Any CPU
		{F8FB9838-0CDA-4B7C-8241-2ACA7CDC0116}.Release|Any CPU.ActiveCfg = Release|Any CPU
		{F8FB9838-0CDA-4B7C-8241-2ACA7CDC0116}.Release|Any CPU.Build.0 = Release|Any CPU
		{6497C76C-69C9-42E8-AFE4-C40FE7BF9159}.Debug|Any CPU.ActiveCfg = Debug|Any CPU
		{6497C76C-69C9-42E8-AFE4-C40FE7BF9159}.Debug|Any CPU.Build.0 = Debug|Any CPU
		{6497C76C-69C9-42E8-AFE4-C40FE7BF9159}.Release|Any CPU.ActiveCfg = Release|Any CPU
		{6497C76C-69C9-42E8-AFE4-C40FE7BF9159}.Release|Any CPU.Build.0 = Release|Any CPU
		{7934E045-3FEB-4869-9589-0405BAAD3753}.Debug|Any CPU.ActiveCfg = Debug|Any CPU
		{7934E045-3FEB-4869-9589-0405BAAD3753}.Debug|Any CPU.Build.0 = Debug|Any CPU
		{7934E045-3FEB-4869-9589-0405BAAD3753}.Release|Any CPU.ActiveCfg = Release|Any CPU
		{7934E045-3FEB-4869-9589-0405BAAD3753}.Release|Any CPU.Build.0 = Release|Any CPU
		{0516D56C-5EA1-4EE9-8AEB-64B1EB42BA74}.Debug|Any CPU.ActiveCfg = Debug|Any CPU
		{0516D56C-5EA1-4EE9-8AEB-64B1EB42BA74}.Debug|Any CPU.Build.0 = Debug|Any CPU
		{0516D56C-5EA1-4EE9-8AEB-64B1EB42BA74}.Release|Any CPU.ActiveCfg = Release|Any CPU
		{0516D56C-5EA1-4EE9-8AEB-64B1EB42BA74}.Release|Any CPU.Build.0 = Release|Any CPU
		{A4333587-C3C5-48F2-B087-0577D6658255}.Debug|Any CPU.ActiveCfg = Debug|Any CPU
		{A4333587-C3C5-48F2-B087-0577D6658255}.Debug|Any CPU.Build.0 = Debug|Any CPU
		{A4333587-C3C5-48F2-B087-0577D6658255}.Release|Any CPU.ActiveCfg = Release|Any CPU
		{A4333587-C3C5-48F2-B087-0577D6658255}.Release|Any CPU.Build.0 = Release|Any CPU
		{C655E46D-CB56-475D-92FF-A92C62E460A1}.Debug|Any CPU.ActiveCfg = Debug|Any CPU
		{C655E46D-CB56-475D-92FF-A92C62E460A1}.Debug|Any CPU.Build.0 = Debug|Any CPU
		{C655E46D-CB56-475D-92FF-A92C62E460A1}.Release|Any CPU.ActiveCfg = Release|Any CPU
		{C655E46D-CB56-475D-92FF-A92C62E460A1}.Release|Any CPU.Build.0 = Release|Any CPU
		{9EBDCC84-1A02-4B08-BFBE-51DFA9FA0F1D}.Debug|Any CPU.ActiveCfg = Debug|Any CPU
		{9EBDCC84-1A02-4B08-BFBE-51DFA9FA0F1D}.Debug|Any CPU.Build.0 = Debug|Any CPU
		{9EBDCC84-1A02-4B08-BFBE-51DFA9FA0F1D}.Release|Any CPU.ActiveCfg = Release|Any CPU
		{9EBDCC84-1A02-4B08-BFBE-51DFA9FA0F1D}.Release|Any CPU.Build.0 = Release|Any CPU
	EndGlobalSection
	GlobalSection(SolutionProperties) = preSolution
		HideSolutionNode = FALSE
	EndGlobalSection
	GlobalSection(ExtensibilityGlobals) = postSolution
		SolutionGuid = {077397FB-72C3-410B-8675-210003D8818D}
	EndGlobalSection
EndGlobal
